
Microsoft Visual Studio Solution File, Format Version 12.00
# Visual Studio 14
VisualStudioVersion = 14.0.25420.1
MinimumVisualStudioVersion = 10.0.40219.1
Project("{FAE04EC0-301F-11D3-BF4B-00C04F79EFBC}") = "Cats", "Cats\Cats\Cats.csproj", "{E53FFDC1-2466-4C7D-A2BE-0AB8355EF99D}"
EndProject
Project("{FAE04EC0-301F-11D3-BF4B-00C04F79EFBC}") = "Cats.Droid", "Cats\Cats.Droid\Cats.Droid.csproj", "{79B83855-9FE1-4EDF-ABA6-B0E0612CBC60}"
EndProject
Project("{FAE04EC0-301F-11D3-BF4B-00C04F79EFBC}") = "Cats.iOS", "Cats\Cats.iOS\Cats.iOS.csproj", "{84DFCC6E-5722-43B4-8A02-7AC47BE03EC6}"
EndProject
Project("{FAE04EC0-301F-11D3-BF4B-00C04F79EFBC}") = "Cats.WinPhone", "Cats\Cats.WinPhone\Cats.WinPhone.csproj", "{EE4755FC-5814-49B3-919D-98BAEFD7263F}"
EndProject
Project("{FAE04EC0-301F-11D3-BF4B-00C04F79EFBC}") = "Cats.Windows", "Cats\Cats.Windows\Cats.Windows.csproj", "{9B6696A4-3530-4583-A200-76080C696095}"
EndProject
Global
	GlobalSection(SolutionConfigurationPlatforms) = preSolution
		Ad-Hoc|Any CPU = Ad-Hoc|Any CPU
		Ad-Hoc|ARM = Ad-Hoc|ARM
		Ad-Hoc|iPhone = Ad-Hoc|iPhone
		Ad-Hoc|iPhoneSimulator = Ad-Hoc|iPhoneSimulator
		Ad-Hoc|x64 = Ad-Hoc|x64
		Ad-Hoc|x86 = Ad-Hoc|x86
		AppStore|Any CPU = AppStore|Any CPU
		AppStore|ARM = AppStore|ARM
		AppStore|iPhone = AppStore|iPhone
		AppStore|iPhoneSimulator = AppStore|iPhoneSimulator
		AppStore|x64 = AppStore|x64
		AppStore|x86 = AppStore|x86
		Debug|Any CPU = Debug|Any CPU
		Debug|ARM = Debug|ARM
		Debug|iPhone = Debug|iPhone
		Debug|iPhoneSimulator = Debug|iPhoneSimulator
		Debug|x64 = Debug|x64
		Debug|x86 = Debug|x86
		Release|Any CPU = Release|Any CPU
		Release|ARM = Release|ARM
		Release|iPhone = Release|iPhone
		Release|iPhoneSimulator = Release|iPhoneSimulator
		Release|x64 = Release|x64
		Release|x86 = Release|x86
	EndGlobalSection
	GlobalSection(ProjectConfigurationPlatforms) = postSolution
		{E53FFDC1-2466-4C7D-A2BE-0AB8355EF99D}.Ad-Hoc|Any CPU.ActiveCfg = Release|Any CPU
		{E53FFDC1-2466-4C7D-A2BE-0AB8355EF99D}.Ad-Hoc|Any CPU.Build.0 = Release|Any CPU
		{E53FFDC1-2466-4C7D-A2BE-0AB8355EF99D}.Ad-Hoc|ARM.ActiveCfg = Release|Any CPU
		{E53FFDC1-2466-4C7D-A2BE-0AB8355EF99D}.Ad-Hoc|ARM.Build.0 = Release|Any CPU
		{E53FFDC1-2466-4C7D-A2BE-0AB8355EF99D}.Ad-Hoc|iPhone.ActiveCfg = Release|Any CPU
		{E53FFDC1-2466-4C7D-A2BE-0AB8355EF99D}.Ad-Hoc|iPhone.Build.0 = Release|Any CPU
		{E53FFDC1-2466-4C7D-A2BE-0AB8355EF99D}.Ad-Hoc|iPhoneSimulator.ActiveCfg = Release|Any CPU
		{E53FFDC1-2466-4C7D-A2BE-0AB8355EF99D}.Ad-Hoc|iPhoneSimulator.Build.0 = Release|Any CPU
		{E53FFDC1-2466-4C7D-A2BE-0AB8355EF99D}.Ad-Hoc|x64.ActiveCfg = Release|Any CPU
		{E53FFDC1-2466-4C7D-A2BE-0AB8355EF99D}.Ad-Hoc|x64.Build.0 = Release|Any CPU
		{E53FFDC1-2466-4C7D-A2BE-0AB8355EF99D}.Ad-Hoc|x86.ActiveCfg = Release|Any CPU
		{E53FFDC1-2466-4C7D-A2BE-0AB8355EF99D}.Ad-Hoc|x86.Build.0 = Release|Any CPU
		{E53FFDC1-2466-4C7D-A2BE-0AB8355EF99D}.AppStore|Any CPU.ActiveCfg = Release|Any CPU
		{E53FFDC1-2466-4C7D-A2BE-0AB8355EF99D}.AppStore|Any CPU.Build.0 = Release|Any CPU
		{E53FFDC1-2466-4C7D-A2BE-0AB8355EF99D}.AppStore|ARM.ActiveCfg = Release|Any CPU
		{E53FFDC1-2466-4C7D-A2BE-0AB8355EF99D}.AppStore|ARM.Build.0 = Release|Any CPU
		{E53FFDC1-2466-4C7D-A2BE-0AB8355EF99D}.AppStore|iPhone.ActiveCfg = Release|Any CPU
		{E53FFDC1-2466-4C7D-A2BE-0AB8355EF99D}.AppStore|iPhone.Build.0 = Release|Any CPU
		{E53FFDC1-2466-4C7D-A2BE-0AB8355EF99D}.AppStore|iPhoneSimulator.ActiveCfg = Release|Any CPU
		{E53FFDC1-2466-4C7D-A2BE-0AB8355EF99D}.AppStore|iPhoneSimulator.Build.0 = Release|Any CPU
		{E53FFDC1-2466-4C7D-A2BE-0AB8355EF99D}.AppStore|x64.ActiveCfg = Release|Any CPU
		{E53FFDC1-2466-4C7D-A2BE-0AB8355EF99D}.AppStore|x64.Build.0 = Release|Any CPU
		{E53FFDC1-2466-4C7D-A2BE-0AB8355EF99D}.AppStore|x86.ActiveCfg = Release|Any CPU
		{E53FFDC1-2466-4C7D-A2BE-0AB8355EF99D}.AppStore|x86.Build.0 = Release|Any CPU
		{E53FFDC1-2466-4C7D-A2BE-0AB8355EF99D}.Debug|Any CPU.ActiveCfg = Debug|Any CPU
		{E53FFDC1-2466-4C7D-A2BE-0AB8355EF99D}.Debug|Any CPU.Build.0 = Debug|Any CPU
		{E53FFDC1-2466-4C7D-A2BE-0AB8355EF99D}.Debug|ARM.ActiveCfg = Debug|Any CPU
		{E53FFDC1-2466-4C7D-A2BE-0AB8355EF99D}.Debug|ARM.Build.0 = Debug|Any CPU
		{E53FFDC1-2466-4C7D-A2BE-0AB8355EF99D}.Debug|iPhone.ActiveCfg = Debug|Any CPU
		{E53FFDC1-2466-4C7D-A2BE-0AB8355EF99D}.Debug|iPhone.Build.0 = Debug|Any CPU
		{E53FFDC1-2466-4C7D-A2BE-0AB8355EF99D}.Debug|iPhoneSimulator.ActiveCfg = Debug|Any CPU
		{E53FFDC1-2466-4C7D-A2BE-0AB8355EF99D}.Debug|iPhoneSimulator.Build.0 = Debug|Any CPU
		{E53FFDC1-2466-4C7D-A2BE-0AB8355EF99D}.Debug|x64.ActiveCfg = Debug|Any CPU
		{E53FFDC1-2466-4C7D-A2BE-0AB8355EF99D}.Debug|x64.Build.0 = Debug|Any CPU
		{E53FFDC1-2466-4C7D-A2BE-0AB8355EF99D}.Debug|x86.ActiveCfg = Debug|Any CPU
		{E53FFDC1-2466-4C7D-A2BE-0AB8355EF99D}.Debug|x86.Build.0 = Debug|Any CPU
		{E53FFDC1-2466-4C7D-A2BE-0AB8355EF99D}.Release|Any CPU.ActiveCfg = Release|Any CPU
		{E53FFDC1-2466-4C7D-A2BE-0AB8355EF99D}.Release|Any CPU.Build.0 = Release|Any CPU
		{E53FFDC1-2466-4C7D-A2BE-0AB8355EF99D}.Release|ARM.ActiveCfg = Release|Any CPU
		{E53FFDC1-2466-4C7D-A2BE-0AB8355EF99D}.Release|ARM.Build.0 = Release|Any CPU
		{E53FFDC1-2466-4C7D-A2BE-0AB8355EF99D}.Release|iPhone.ActiveCfg = Release|Any CPU
		{E53FFDC1-2466-4C7D-A2BE-0AB8355EF99D}.Release|iPhone.Build.0 = Release|Any CPU
		{E53FFDC1-2466-4C7D-A2BE-0AB8355EF99D}.Release|iPhoneSimulator.ActiveCfg = Release|Any CPU
		{E53FFDC1-2466-4C7D-A2BE-0AB8355EF99D}.Release|iPhoneSimulator.Build.0 = Release|Any CPU
		{E53FFDC1-2466-4C7D-A2BE-0AB8355EF99D}.Release|x64.ActiveCfg = Release|Any CPU
		{E53FFDC1-2466-4C7D-A2BE-0AB8355EF99D}.Release|x64.Build.0 = Release|Any CPU
		{E53FFDC1-2466-4C7D-A2BE-0AB8355EF99D}.Release|x86.ActiveCfg = Release|Any CPU
		{E53FFDC1-2466-4C7D-A2BE-0AB8355EF99D}.Release|x86.Build.0 = Release|Any CPU
		{79B83855-9FE1-4EDF-ABA6-B0E0612CBC60}.Ad-Hoc|Any CPU.ActiveCfg = Release|Any CPU
		{79B83855-9FE1-4EDF-ABA6-B0E0612CBC60}.Ad-Hoc|Any CPU.Build.0 = Release|Any CPU
		{79B83855-9FE1-4EDF-ABA6-B0E0612CBC60}.Ad-Hoc|Any CPU.Deploy.0 = Release|Any CPU
		{79B83855-9FE1-4EDF-ABA6-B0E0612CBC60}.Ad-Hoc|ARM.ActiveCfg = Release|Any CPU
		{79B83855-9FE1-4EDF-ABA6-B0E0612CBC60}.Ad-Hoc|ARM.Build.0 = Release|Any CPU
		{79B83855-9FE1-4EDF-ABA6-B0E0612CBC60}.Ad-Hoc|ARM.Deploy.0 = Release|Any CPU
		{79B83855-9FE1-4EDF-ABA6-B0E0612CBC60}.Ad-Hoc|iPhone.ActiveCfg = Release|Any CPU
		{79B83855-9FE1-4EDF-ABA6-B0E0612CBC60}.Ad-Hoc|iPhone.Build.0 = Release|Any CPU
		{79B83855-9FE1-4EDF-ABA6-B0E0612CBC60}.Ad-Hoc|iPhone.Deploy.0 = Release|Any CPU
		{79B83855-9FE1-4EDF-ABA6-B0E0612CBC60}.Ad-Hoc|iPhoneSimulator.ActiveCfg = Release|Any CPU
		{79B83855-9FE1-4EDF-ABA6-B0E0612CBC60}.Ad-Hoc|iPhoneSimulator.Build.0 = Release|Any CPU
		{79B83855-9FE1-4EDF-ABA6-B0E0612CBC60}.Ad-Hoc|iPhoneSimulator.Deploy.0 = Release|Any CPU
		{79B83855-9FE1-4EDF-ABA6-B0E0612CBC60}.Ad-Hoc|x64.ActiveCfg = Release|Any CPU
		{79B83855-9FE1-4EDF-ABA6-B0E0612CBC60}.Ad-Hoc|x64.Build.0 = Release|Any CPU
		{79B83855-9FE1-4EDF-ABA6-B0E0612CBC60}.Ad-Hoc|x64.Deploy.0 = Release|Any CPU
		{79B83855-9FE1-4EDF-ABA6-B0E0612CBC60}.Ad-Hoc|x86.ActiveCfg = Release|Any CPU
		{79B83855-9FE1-4EDF-ABA6-B0E0612CBC60}.Ad-Hoc|x86.Build.0 = Release|Any CPU
		{79B83855-9FE1-4EDF-ABA6-B0E0612CBC60}.Ad-Hoc|x86.Deploy.0 = Release|Any CPU
		{79B83855-9FE1-4EDF-ABA6-B0E0612CBC60}.AppStore|Any CPU.ActiveCfg = Release|Any CPU
		{79B83855-9FE1-4EDF-ABA6-B0E0612CBC60}.AppStore|Any CPU.Build.0 = Release|Any CPU
		{79B83855-9FE1-4EDF-ABA6-B0E0612CBC60}.AppStore|Any CPU.Deploy.0 = Release|Any CPU
		{79B83855-9FE1-4EDF-ABA6-B0E0612CBC60}.AppStore|ARM.ActiveCfg = Release|Any CPU
		{79B83855-9FE1-4EDF-ABA6-B0E0612CBC60}.AppStore|ARM.Build.0 = Release|Any CPU
		{79B83855-9FE1-4EDF-ABA6-B0E0612CBC60}.AppStore|ARM.Deploy.0 = Release|Any CPU
		{79B83855-9FE1-4EDF-ABA6-B0E0612CBC60}.AppStore|iPhone.ActiveCfg = Release|Any CPU
		{79B83855-9FE1-4EDF-ABA6-B0E0612CBC60}.AppStore|iPhone.Build.0 = Release|Any CPU
		{79B83855-9FE1-4EDF-ABA6-B0E0612CBC60}.AppStore|iPhone.Deploy.0 = Release|Any CPU
		{79B83855-9FE1-4EDF-ABA6-B0E0612CBC60}.AppStore|iPhoneSimulator.ActiveCfg = Release|Any CPU
		{79B83855-9FE1-4EDF-ABA6-B0E0612CBC60}.AppStore|iPhoneSimulator.Build.0 = Release|Any CPU
		{79B83855-9FE1-4EDF-ABA6-B0E0612CBC60}.AppStore|iPhoneSimulator.Deploy.0 = Release|Any CPU
		{79B83855-9FE1-4EDF-ABA6-B0E0612CBC60}.AppStore|x64.ActiveCfg = Release|Any CPU
		{79B83855-9FE1-4EDF-ABA6-B0E0612CBC60}.AppStore|x64.Build.0 = Release|Any CPU
		{79B83855-9FE1-4EDF-ABA6-B0E0612CBC60}.AppStore|x64.Deploy.0 = Release|Any CPU
		{79B83855-9FE1-4EDF-ABA6-B0E0612CBC60}.AppStore|x86.ActiveCfg = Release|Any CPU
		{79B83855-9FE1-4EDF-ABA6-B0E0612CBC60}.AppStore|x86.Build.0 = Release|Any CPU
		{79B83855-9FE1-4EDF-ABA6-B0E0612CBC60}.AppStore|x86.Deploy.0 = Release|Any CPU
		{79B83855-9FE1-4EDF-ABA6-B0E0612CBC60}.Debug|Any CPU.ActiveCfg = Debug|Any CPU
		{79B83855-9FE1-4EDF-ABA6-B0E0612CBC60}.Debug|Any CPU.Build.0 = Debug|Any CPU
		{79B83855-9FE1-4EDF-ABA6-B0E0612CBC60}.Debug|Any CPU.Deploy.0 = Debug|Any CPU
		{79B83855-9FE1-4EDF-ABA6-B0E0612CBC60}.Debug|ARM.ActiveCfg = Debug|Any CPU
		{79B83855-9FE1-4EDF-ABA6-B0E0612CBC60}.Debug|ARM.Build.0 = Debug|Any CPU
		{79B83855-9FE1-4EDF-ABA6-B0E0612CBC60}.Debug|ARM.Deploy.0 = Debug|Any CPU
		{79B83855-9FE1-4EDF-ABA6-B0E0612CBC60}.Debug|iPhone.ActiveCfg = Debug|Any CPU
		{79B83855-9FE1-4EDF-ABA6-B0E0612CBC60}.Debug|iPhone.Build.0 = Debug|Any CPU
		{79B83855-9FE1-4EDF-ABA6-B0E0612CBC60}.Debug|iPhone.Deploy.0 = Debug|Any CPU
		{79B83855-9FE1-4EDF-ABA6-B0E0612CBC60}.Debug|iPhoneSimulator.ActiveCfg = Debug|Any CPU
		{79B83855-9FE1-4EDF-ABA6-B0E0612CBC60}.Debug|iPhoneSimulator.Build.0 = Debug|Any CPU
		{79B83855-9FE1-4EDF-ABA6-B0E0612CBC60}.Debug|iPhoneSimulator.Deploy.0 = Debug|Any CPU
		{79B83855-9FE1-4EDF-ABA6-B0E0612CBC60}.Debug|x64.ActiveCfg = Debug|Any CPU
		{79B83855-9FE1-4EDF-ABA6-B0E0612CBC60}.Debug|x64.Build.0 = Debug|Any CPU
		{79B83855-9FE1-4EDF-ABA6-B0E0612CBC60}.Debug|x64.Deploy.0 = Debug|Any CPU
		{79B83855-9FE1-4EDF-ABA6-B0E0612CBC60}.Debug|x86.ActiveCfg = Debug|Any CPU
		{79B83855-9FE1-4EDF-ABA6-B0E0612CBC60}.Debug|x86.Build.0 = Debug|Any CPU
		{79B83855-9FE1-4EDF-ABA6-B0E0612CBC60}.Debug|x86.Deploy.0 = Debug|Any CPU
		{79B83855-9FE1-4EDF-ABA6-B0E0612CBC60}.Release|Any CPU.ActiveCfg = Release|Any CPU
		{79B83855-9FE1-4EDF-ABA6-B0E0612CBC60}.Release|Any CPU.Build.0 = Release|Any CPU
		{79B83855-9FE1-4EDF-ABA6-B0E0612CBC60}.Release|Any CPU.Deploy.0 = Release|Any CPU
		{79B83855-9FE1-4EDF-ABA6-B0E0612CBC60}.Release|ARM.ActiveCfg = Release|Any CPU
		{79B83855-9FE1-4EDF-ABA6-B0E0612CBC60}.Release|ARM.Build.0 = Release|Any CPU
		{79B83855-9FE1-4EDF-ABA6-B0E0612CBC60}.Release|ARM.Deploy.0 = Release|Any CPU
		{79B83855-9FE1-4EDF-ABA6-B0E0612CBC60}.Release|iPhone.ActiveCfg = Release|Any CPU
		{79B83855-9FE1-4EDF-ABA6-B0E0612CBC60}.Release|iPhone.Build.0 = Release|Any CPU
		{79B83855-9FE1-4EDF-ABA6-B0E0612CBC60}.Release|iPhone.Deploy.0 = Release|Any CPU
		{79B83855-9FE1-4EDF-ABA6-B0E0612CBC60}.Release|iPhoneSimulator.ActiveCfg = Release|Any CPU
		{79B83855-9FE1-4EDF-ABA6-B0E0612CBC60}.Release|iPhoneSimulator.Build.0 = Release|Any CPU
		{79B83855-9FE1-4EDF-ABA6-B0E0612CBC60}.Release|iPhoneSimulator.Deploy.0 = Release|Any CPU
		{79B83855-9FE1-4EDF-ABA6-B0E0612CBC60}.Release|x64.ActiveCfg = Release|Any CPU
		{79B83855-9FE1-4EDF-ABA6-B0E0612CBC60}.Release|x64.Build.0 = Release|Any CPU
		{79B83855-9FE1-4EDF-ABA6-B0E0612CBC60}.Release|x64.Deploy.0 = Release|Any CPU
		{79B83855-9FE1-4EDF-ABA6-B0E0612CBC60}.Release|x86.ActiveCfg = Release|Any CPU
		{79B83855-9FE1-4EDF-ABA6-B0E0612CBC60}.Release|x86.Build.0 = Release|Any CPU
		{79B83855-9FE1-4EDF-ABA6-B0E0612CBC60}.Release|x86.Deploy.0 = Release|Any CPU
		{84DFCC6E-5722-43B4-8A02-7AC47BE03EC6}.Ad-Hoc|Any CPU.ActiveCfg = Ad-Hoc|iPhone
		{84DFCC6E-5722-43B4-8A02-7AC47BE03EC6}.Ad-Hoc|ARM.ActiveCfg = Ad-Hoc|iPhone
		{84DFCC6E-5722-43B4-8A02-7AC47BE03EC6}.Ad-Hoc|iPhone.ActiveCfg = Ad-Hoc|iPhone
		{84DFCC6E-5722-43B4-8A02-7AC47BE03EC6}.Ad-Hoc|iPhone.Build.0 = Ad-Hoc|iPhone
		{84DFCC6E-5722-43B4-8A02-7AC47BE03EC6}.Ad-Hoc|iPhoneSimulator.ActiveCfg = Ad-Hoc|iPhoneSimulator
		{84DFCC6E-5722-43B4-8A02-7AC47BE03EC6}.Ad-Hoc|iPhoneSimulator.Build.0 = Ad-Hoc|iPhoneSimulator
		{84DFCC6E-5722-43B4-8A02-7AC47BE03EC6}.Ad-Hoc|x64.ActiveCfg = Ad-Hoc|iPhone
		{84DFCC6E-5722-43B4-8A02-7AC47BE03EC6}.Ad-Hoc|x86.ActiveCfg = Ad-Hoc|iPhone
		{84DFCC6E-5722-43B4-8A02-7AC47BE03EC6}.AppStore|Any CPU.ActiveCfg = AppStore|iPhone
		{84DFCC6E-5722-43B4-8A02-7AC47BE03EC6}.AppStore|ARM.ActiveCfg = AppStore|iPhone
		{84DFCC6E-5722-43B4-8A02-7AC47BE03EC6}.AppStore|iPhone.ActiveCfg = AppStore|iPhone
		{84DFCC6E-5722-43B4-8A02-7AC47BE03EC6}.AppStore|iPhone.Build.0 = AppStore|iPhone
		{84DFCC6E-5722-43B4-8A02-7AC47BE03EC6}.AppStore|iPhoneSimulator.ActiveCfg = AppStore|iPhoneSimulator
		{84DFCC6E-5722-43B4-8A02-7AC47BE03EC6}.AppStore|iPhoneSimulator.Build.0 = AppStore|iPhoneSimulator
		{84DFCC6E-5722-43B4-8A02-7AC47BE03EC6}.AppStore|x64.ActiveCfg = AppStore|iPhone
		{84DFCC6E-5722-43B4-8A02-7AC47BE03EC6}.AppStore|x86.ActiveCfg = AppStore|iPhone
		{84DFCC6E-5722-43B4-8A02-7AC47BE03EC6}.Debug|Any CPU.ActiveCfg = Debug|iPhone
		{84DFCC6E-5722-43B4-8A02-7AC47BE03EC6}.Debug|ARM.ActiveCfg = Debug|iPhone
		{84DFCC6E-5722-43B4-8A02-7AC47BE03EC6}.Debug|iPhone.ActiveCfg = Debug|iPhone
		{84DFCC6E-5722-43B4-8A02-7AC47BE03EC6}.Debug|iPhone.Build.0 = Debug|iPhone
		{84DFCC6E-5722-43B4-8A02-7AC47BE03EC6}.Debug|iPhoneSimulator.ActiveCfg = Debug|iPhoneSimulator
		{84DFCC6E-5722-43B4-8A02-7AC47BE03EC6}.Debug|iPhoneSimulator.Build.0 = Debug|iPhoneSimulator
		{84DFCC6E-5722-43B4-8A02-7AC47BE03EC6}.Debug|x64.ActiveCfg = Debug|iPhone
		{84DFCC6E-5722-43B4-8A02-7AC47BE03EC6}.Debug|x86.ActiveCfg = Debug|iPhone
		{84DFCC6E-5722-43B4-8A02-7AC47BE03EC6}.Release|Any CPU.ActiveCfg = Release|iPhone
		{84DFCC6E-5722-43B4-8A02-7AC47BE03EC6}.Release|ARM.ActiveCfg = Release|iPhone
		{84DFCC6E-5722-43B4-8A02-7AC47BE03EC6}.Release|iPhone.ActiveCfg = Release|iPhone
		{84DFCC6E-5722-43B4-8A02-7AC47BE03EC6}.Release|iPhone.Build.0 = Release|iPhone
		{84DFCC6E-5722-43B4-8A02-7AC47BE03EC6}.Release|iPhoneSimulator.ActiveCfg = Release|iPhoneSimulator
		{84DFCC6E-5722-43B4-8A02-7AC47BE03EC6}.Release|iPhoneSimulator.Build.0 = Release|iPhoneSimulator
		{84DFCC6E-5722-43B4-8A02-7AC47BE03EC6}.Release|x64.ActiveCfg = Release|iPhone
		{84DFCC6E-5722-43B4-8A02-7AC47BE03EC6}.Release|x86.ActiveCfg = Release|iPhone
		{EE4755FC-5814-49B3-919D-98BAEFD7263F}.Ad-Hoc|Any CPU.ActiveCfg = Release|Any CPU
		{EE4755FC-5814-49B3-919D-98BAEFD7263F}.Ad-Hoc|Any CPU.Build.0 = Release|Any CPU
		{EE4755FC-5814-49B3-919D-98BAEFD7263F}.Ad-Hoc|Any CPU.Deploy.0 = Release|Any CPU
		{EE4755FC-5814-49B3-919D-98BAEFD7263F}.Ad-Hoc|ARM.ActiveCfg = Release|ARM
		{EE4755FC-5814-49B3-919D-98BAEFD7263F}.Ad-Hoc|ARM.Build.0 = Release|ARM
		{EE4755FC-5814-49B3-919D-98BAEFD7263F}.Ad-Hoc|ARM.Deploy.0 = Release|ARM
		{EE4755FC-5814-49B3-919D-98BAEFD7263F}.Ad-Hoc|iPhone.ActiveCfg = Release|Any CPU
		{EE4755FC-5814-49B3-919D-98BAEFD7263F}.Ad-Hoc|iPhone.Build.0 = Release|Any CPU
		{EE4755FC-5814-49B3-919D-98BAEFD7263F}.Ad-Hoc|iPhone.Deploy.0 = Release|Any CPU
		{EE4755FC-5814-49B3-919D-98BAEFD7263F}.Ad-Hoc|iPhoneSimulator.ActiveCfg = Release|Any CPU
		{EE4755FC-5814-49B3-919D-98BAEFD7263F}.Ad-Hoc|iPhoneSimulator.Build.0 = Release|Any CPU
		{EE4755FC-5814-49B3-919D-98BAEFD7263F}.Ad-Hoc|iPhoneSimulator.Deploy.0 = Release|Any CPU
		{EE4755FC-5814-49B3-919D-98BAEFD7263F}.Ad-Hoc|x64.ActiveCfg = Release|Any CPU
		{EE4755FC-5814-49B3-919D-98BAEFD7263F}.Ad-Hoc|x64.Build.0 = Release|Any CPU
		{EE4755FC-5814-49B3-919D-98BAEFD7263F}.Ad-Hoc|x64.Deploy.0 = Release|Any CPU
		{EE4755FC-5814-49B3-919D-98BAEFD7263F}.Ad-Hoc|x86.ActiveCfg = Release|x86
		{EE4755FC-5814-49B3-919D-98BAEFD7263F}.Ad-Hoc|x86.Build.0 = Release|x86
		{EE4755FC-5814-49B3-919D-98BAEFD7263F}.Ad-Hoc|x86.Deploy.0 = Release|x86
		{EE4755FC-5814-49B3-919D-98BAEFD7263F}.AppStore|Any CPU.ActiveCfg = Release|Any CPU
		{EE4755FC-5814-49B3-919D-98BAEFD7263F}.AppStore|Any CPU.Build.0 = Release|Any CPU
		{EE4755FC-5814-49B3-919D-98BAEFD7263F}.AppStore|Any CPU.Deploy.0 = Release|Any CPU
		{EE4755FC-5814-49B3-919D-98BAEFD7263F}.AppStore|ARM.ActiveCfg = Release|ARM
		{EE4755FC-5814-49B3-919D-98BAEFD7263F}.AppStore|ARM.Build.0 = Release|ARM
		{EE4755FC-5814-49B3-919D-98BAEFD7263F}.AppStore|ARM.Deploy.0 = Release|ARM
		{EE4755FC-5814-49B3-919D-98BAEFD7263F}.AppStore|iPhone.ActiveCfg = Release|Any CPU
		{EE4755FC-5814-49B3-919D-98BAEFD7263F}.AppStore|iPhone.Build.0 = Release|Any CPU
		{EE4755FC-5814-49B3-919D-98BAEFD7263F}.AppStore|iPhone.Deploy.0 = Release|Any CPU
		{EE4755FC-5814-49B3-919D-98BAEFD7263F}.AppStore|iPhoneSimulator.ActiveCfg = Release|Any CPU
		{EE4755FC-5814-49B3-919D-98BAEFD7263F}.AppStore|iPhoneSimulator.Build.0 = Release|Any CPU
		{EE4755FC-5814-49B3-919D-98BAEFD7263F}.AppStore|iPhoneSimulator.Deploy.0 = Release|Any CPU
		{EE4755FC-5814-49B3-919D-98BAEFD7263F}.AppStore|x64.ActiveCfg = Release|Any CPU
		{EE4755FC-5814-49B3-919D-98BAEFD7263F}.AppStore|x64.Build.0 = Release|Any CPU
		{EE4755FC-5814-49B3-919D-98BAEFD7263F}.AppStore|x64.Deploy.0 = Release|Any CPU
		{EE4755FC-5814-49B3-919D-98BAEFD7263F}.AppStore|x86.ActiveCfg = Release|x86
		{EE4755FC-5814-49B3-919D-98BAEFD7263F}.AppStore|x86.Build.0 = Release|x86
		{EE4755FC-5814-49B3-919D-98BAEFD7263F}.AppStore|x86.Deploy.0 = Release|x86
		{EE4755FC-5814-49B3-919D-98BAEFD7263F}.Debug|Any CPU.ActiveCfg = Debug|Any CPU
		{EE4755FC-5814-49B3-919D-98BAEFD7263F}.Debug|Any CPU.Build.0 = Debug|Any CPU
		{EE4755FC-5814-49B3-919D-98BAEFD7263F}.Debug|Any CPU.Deploy.0 = Debug|Any CPU
		{EE4755FC-5814-49B3-919D-98BAEFD7263F}.Debug|ARM.ActiveCfg = Debug|ARM
		{EE4755FC-5814-49B3-919D-98BAEFD7263F}.Debug|ARM.Build.0 = Debug|ARM
		{EE4755FC-5814-49B3-919D-98BAEFD7263F}.Debug|ARM.Deploy.0 = Debug|ARM
		{EE4755FC-5814-49B3-919D-98BAEFD7263F}.Debug|iPhone.ActiveCfg = Debug|Any CPU
		{EE4755FC-5814-49B3-919D-98BAEFD7263F}.Debug|iPhone.Build.0 = Debug|Any CPU
		{EE4755FC-5814-49B3-919D-98BAEFD7263F}.Debug|iPhone.Deploy.0 = Debug|Any CPU
		{EE4755FC-5814-49B3-919D-98BAEFD7263F}.Debug|iPhoneSimulator.ActiveCfg = Debug|Any CPU
		{EE4755FC-5814-49B3-919D-98BAEFD7263F}.Debug|iPhoneSimulator.Build.0 = Debug|Any CPU
		{EE4755FC-5814-49B3-919D-98BAEFD7263F}.Debug|iPhoneSimulator.Deploy.0 = Debug|Any CPU
		{EE4755FC-5814-49B3-919D-98BAEFD7263F}.Debug|x64.ActiveCfg = Debug|Any CPU
		{EE4755FC-5814-49B3-919D-98BAEFD7263F}.Debug|x64.Build.0 = Debug|Any CPU
		{EE4755FC-5814-49B3-919D-98BAEFD7263F}.Debug|x64.Deploy.0 = Debug|Any CPU
		{EE4755FC-5814-49B3-919D-98BAEFD7263F}.Debug|x86.ActiveCfg = Debug|x86
		{EE4755FC-5814-49B3-919D-98BAEFD7263F}.Debug|x86.Build.0 = Debug|x86
		{EE4755FC-5814-49B3-919D-98BAEFD7263F}.Debug|x86.Deploy.0 = Debug|x86
		{EE4755FC-5814-49B3-919D-98BAEFD7263F}.Release|Any CPU.ActiveCfg = Release|Any CPU
		{EE4755FC-5814-49B3-919D-98BAEFD7263F}.Release|Any CPU.Build.0 = Release|Any CPU
		{EE4755FC-5814-49B3-919D-98BAEFD7263F}.Release|Any CPU.Deploy.0 = Release|Any CPU
		{EE4755FC-5814-49B3-919D-98BAEFD7263F}.Release|ARM.ActiveCfg = Release|ARM
		{EE4755FC-5814-49B3-919D-98BAEFD7263F}.Release|ARM.Build.0 = Release|ARM
		{EE4755FC-5814-49B3-919D-98BAEFD7263F}.Release|ARM.Deploy.0 = Release|ARM
		{EE4755FC-5814-49B3-919D-98BAEFD7263F}.Release|iPhone.ActiveCfg = Release|Any CPU
		{EE4755FC-5814-49B3-919D-98BAEFD7263F}.Release|iPhone.Build.0 = Release|Any CPU
		{EE4755FC-5814-49B3-919D-98BAEFD7263F}.Release|iPhone.Deploy.0 = Release|Any CPU
		{EE4755FC-5814-49B3-919D-98BAEFD7263F}.Release|iPhoneSimulator.ActiveCfg = Release|Any CPU
		{EE4755FC-5814-49B3-919D-98BAEFD7263F}.Release|iPhoneSimulator.Build.0 = Release|Any CPU
		{EE4755FC-5814-49B3-919D-98BAEFD7263F}.Release|iPhoneSimulator.Deploy.0 = Release|Any CPU
		{EE4755FC-5814-49B3-919D-98BAEFD7263F}.Release|x64.ActiveCfg = Release|Any CPU
		{EE4755FC-5814-49B3-919D-98BAEFD7263F}.Release|x64.Build.0 = Release|Any CPU
		{EE4755FC-5814-49B3-919D-98BAEFD7263F}.Release|x64.Deploy.0 = Release|Any CPU
		{EE4755FC-5814-49B3-919D-98BAEFD7263F}.Release|x86.ActiveCfg = Release|x86
		{EE4755FC-5814-49B3-919D-98BAEFD7263F}.Release|x86.Build.0 = Release|x86
		{EE4755FC-5814-49B3-919D-98BAEFD7263F}.Release|x86.Deploy.0 = Release|x86
		{9B6696A4-3530-4583-A200-76080C696095}.Ad-Hoc|Any CPU.ActiveCfg = Release|Any CPU
		{9B6696A4-3530-4583-A200-76080C696095}.Ad-Hoc|Any CPU.Build.0 = Release|Any CPU
		{9B6696A4-3530-4583-A200-76080C696095}.Ad-Hoc|Any CPU.Deploy.0 = Release|Any CPU
		{9B6696A4-3530-4583-A200-76080C696095}.Ad-Hoc|ARM.ActiveCfg = Release|ARM
		{9B6696A4-3530-4583-A200-76080C696095}.Ad-Hoc|ARM.Build.0 = Release|ARM
		{9B6696A4-3530-4583-A200-76080C696095}.Ad-Hoc|ARM.Deploy.0 = Release|ARM
		{9B6696A4-3530-4583-A200-76080C696095}.Ad-Hoc|iPhone.ActiveCfg = Release|Any CPU
		{9B6696A4-3530-4583-A200-76080C696095}.Ad-Hoc|iPhone.Build.0 = Release|Any CPU
		{9B6696A4-3530-4583-A200-76080C696095}.Ad-Hoc|iPhone.Deploy.0 = Release|Any CPU
		{9B6696A4-3530-4583-A200-76080C696095}.Ad-Hoc|iPhoneSimulator.ActiveCfg = Release|Any CPU
		{9B6696A4-3530-4583-A200-76080C696095}.Ad-Hoc|iPhoneSimulator.Build.0 = Release|Any CPU
		{9B6696A4-3530-4583-A200-76080C696095}.Ad-Hoc|iPhoneSimulator.Deploy.0 = Release|Any CPU
		{9B6696A4-3530-4583-A200-76080C696095}.Ad-Hoc|x64.ActiveCfg = Release|x64
		{9B6696A4-3530-4583-A200-76080C696095}.Ad-Hoc|x64.Build.0 = Release|x64
		{9B6696A4-3530-4583-A200-76080C696095}.Ad-Hoc|x64.Deploy.0 = Release|x64
		{9B6696A4-3530-4583-A200-76080C696095}.Ad-Hoc|x86.ActiveCfg = Release|x86
		{9B6696A4-3530-4583-A200-76080C696095}.Ad-Hoc|x86.Build.0 = Release|x86
		{9B6696A4-3530-4583-A200-76080C696095}.Ad-Hoc|x86.Deploy.0 = Release|x86
		{9B6696A4-3530-4583-A200-76080C696095}.AppStore|Any CPU.ActiveCfg = Release|Any CPU
		{9B6696A4-3530-4583-A200-76080C696095}.AppStore|Any CPU.Build.0 = Release|Any CPU
		{9B6696A4-3530-4583-A200-76080C696095}.AppStore|Any CPU.Deploy.0 = Release|Any CPU
		{9B6696A4-3530-4583-A200-76080C696095}.AppStore|ARM.ActiveCfg = Release|ARM
		{9B6696A4-3530-4583-A200-76080C696095}.AppStore|ARM.Build.0 = Release|ARM
		{9B6696A4-3530-4583-A200-76080C696095}.AppStore|ARM.Deploy.0 = Release|ARM
		{9B6696A4-3530-4583-A200-76080C696095}.AppStore|iPhone.ActiveCfg = Release|Any CPU
		{9B6696A4-3530-4583-A200-76080C696095}.AppStore|iPhone.Build.0 = Release|Any CPU
		{9B6696A4-3530-4583-A200-76080C696095}.AppStore|iPhone.Deploy.0 = Release|Any CPU
		{9B6696A4-3530-4583-A200-76080C696095}.AppStore|iPhoneSimulator.ActiveCfg = Release|Any CPU
		{9B6696A4-3530-4583-A200-76080C696095}.AppStore|iPhoneSimulator.Build.0 = Release|Any CPU
		{9B6696A4-3530-4583-A200-76080C696095}.AppStore|iPhoneSimulator.Deploy.0 = Release|Any CPU
		{9B6696A4-3530-4583-A200-76080C696095}.AppStore|x64.ActiveCfg = Release|x64
		{9B6696A4-3530-4583-A200-76080C696095}.AppStore|x64.Build.0 = Release|x64
		{9B6696A4-3530-4583-A200-76080C696095}.AppStore|x64.Deploy.0 = Release|x64
		{9B6696A4-3530-4583-A200-76080C696095}.AppStore|x86.ActiveCfg = Release|x86
		{9B6696A4-3530-4583-A200-76080C696095}.AppStore|x86.Build.0 = Release|x86
		{9B6696A4-3530-4583-A200-76080C696095}.AppStore|x86.Deploy.0 = Release|x86
		{9B6696A4-3530-4583-A200-76080C696095}.Debug|Any CPU.ActiveCfg = Debug|Any CPU
		{9B6696A4-3530-4583-A200-76080C696095}.Debug|Any CPU.Build.0 = Debug|Any CPU
		{9B6696A4-3530-4583-A200-76080C696095}.Debug|Any CPU.Deploy.0 = Debug|Any CPU
		{9B6696A4-3530-4583-A200-76080C696095}.Debug|ARM.ActiveCfg = Debug|ARM
		{9B6696A4-3530-4583-A200-76080C696095}.Debug|ARM.Build.0 = Debug|ARM
		{9B6696A4-3530-4583-A200-76080C696095}.Debug|ARM.Deploy.0 = Debug|ARM
		{9B6696A4-3530-4583-A200-76080C696095}.Debug|iPhone.ActiveCfg = Debug|Any CPU
		{9B6696A4-3530-4583-A200-76080C696095}.Debug|iPhone.Build.0 = Debug|Any CPU
		{9B6696A4-3530-4583-A200-76080C696095}.Debug|iPhone.Deploy.0 = Debug|Any CPU
		{9B6696A4-3530-4583-A200-76080C696095}.Debug|iPhoneSimulator.ActiveCfg = Debug|Any CPU
		{9B6696A4-3530-4583-A200-76080C696095}.Debug|iPhoneSimulator.Build.0 = Debug|Any CPU
		{9B6696A4-3530-4583-A200-76080C696095}.Debug|iPhoneSimulator.Deploy.0 = Debug|Any CPU
		{9B6696A4-3530-4583-A200-76080C696095}.Debug|x64.ActiveCfg = Debug|x64
		{9B6696A4-3530-4583-A200-76080C696095}.Debug|x64.Build.0 = Debug|x64
		{9B6696A4-3530-4583-A200-76080C696095}.Debug|x64.Deploy.0 = Debug|x64
		{9B6696A4-3530-4583-A200-76080C696095}.Debug|x86.ActiveCfg = Debug|x86
		{9B6696A4-3530-4583-A200-76080C696095}.Debug|x86.Build.0 = Debug|x86
		{9B6696A4-3530-4583-A200-76080C696095}.Debug|x86.Deploy.0 = Debug|x86
		{9B6696A4-3530-4583-A200-76080C696095}.Release|Any CPU.ActiveCfg = Release|Any CPU
		{9B6696A4-3530-4583-A200-76080C696095}.Release|Any CPU.Build.0 = Release|Any CPU
		{9B6696A4-3530-4583-A200-76080C696095}.Release|Any CPU.Deploy.0 = Release|Any CPU
		{9B6696A4-3530-4583-A200-76080C696095}.Release|ARM.ActiveCfg = Release|ARM
		{9B6696A4-3530-4583-A200-76080C696095}.Release|ARM.Build.0 = Release|ARM
		{9B6696A4-3530-4583-A200-76080C696095}.Release|ARM.Deploy.0 = Release|ARM
		{9B6696A4-3530-4583-A200-76080C696095}.Release|iPhone.ActiveCfg = Release|Any CPU
		{9B6696A4-3530-4583-A200-76080C696095}.Release|iPhone.Build.0 = Release|Any CPU
		{9B6696A4-3530-4583-A200-76080C696095}.Release|iPhone.Deploy.0 = Release|Any CPU
		{9B6696A4-3530-4583-A200-76080C696095}.Release|iPhoneSimulator.ActiveCfg = Release|Any CPU
		{9B6696A4-3530-4583-A200-76080C696095}.Release|iPhoneSimulator.Build.0 = Release|Any CPU
		{9B6696A4-3530-4583-A200-76080C696095}.Release|iPhoneSimulator.Deploy.0 = Release|Any CPU
		{9B6696A4-3530-4583-A200-76080C696095}.Release|x64.ActiveCfg = Release|x64
		{9B6696A4-3530-4583-A200-76080C696095}.Release|x64.Build.0 = Release|x64
		{9B6696A4-3530-4583-A200-76080C696095}.Release|x64.Deploy.0 = Release|x64
		{9B6696A4-3530-4583-A200-76080C696095}.Release|x86.ActiveCfg = Release|x86
		{9B6696A4-3530-4583-A200-76080C696095}.Release|x86.Build.0 = Release|x86
		{9B6696A4-3530-4583-A200-76080C696095}.Release|x86.Deploy.0 = Release|x86
	EndGlobalSection
	GlobalSection(SolutionProperties) = preSolution
		HideSolutionNode = FALSE
	EndGlobalSection
EndGlobal
